// !$*UTF8*$!
{
	archiveVersion = 1;
	classes = {
	};
	objectVersion = 56;
	objects = {

/* Begin PBXBuildFile section */
		7F77D19F2AB9EE94004B04A7 /* ProductsViewModel.swift in Sources */ = {isa = PBXBuildFile; fileRef = 7F77D19E2AB9EE94004B04A7 /* ProductsViewModel.swift */; };
		7F77D1A12AB9EFE7004B04A7 /* ProductViewModel.swift in Sources */ = {isa = PBXBuildFile; fileRef = 7F77D1A02AB9EFE7004B04A7 /* ProductViewModel.swift */; };
		7F77D1A32AB9F086004B04A7 /* CheckoutViewModel.swift in Sources */ = {isa = PBXBuildFile; fileRef = 7F77D1A22AB9F086004B04A7 /* CheckoutViewModel.swift */; };
		7F77D1A52AB9F239004B04A7 /* BuyerViewModel.swift in Sources */ = {isa = PBXBuildFile; fileRef = 7F77D1A42AB9F239004B04A7 /* BuyerViewModel.swift */; };
		7F77D1A82AB9F38A004B04A7 /* AllProductsView.swift in Sources */ = {isa = PBXBuildFile; fileRef = 7F77D1A72AB9F38A004B04A7 /* AllProductsView.swift */; };
		7F77D1AA2AB9F417004B04A7 /* ProductView.swift in Sources */ = {isa = PBXBuildFile; fileRef = 7F77D1A92AB9F417004B04A7 /* ProductView.swift */; };
		7F77D1AC2AB9F4D6004B04A7 /* CheckoutView.swift in Sources */ = {isa = PBXBuildFile; fileRef = 7F77D1AB2AB9F4D6004B04A7 /* CheckoutView.swift */; };
		7F77D1AE2AB9F5CE004B04A7 /* BuyerSignUpView.swift in Sources */ = {isa = PBXBuildFile; fileRef = 7F77D1AD2AB9F5CE004B04A7 /* BuyerSignUpView.swift */; };
		7F77D1B02AB9F708004B04A7 /* BuyerSignInView.swift in Sources */ = {isa = PBXBuildFile; fileRef = 7F77D1AF2AB9F708004B04A7 /* BuyerSignInView.swift */; };
		7FBBA03B2AB9ECB80095ACB5 /* ShoppingApp.swift in Sources */ = {isa = PBXBuildFile; fileRef = 7FBBA03A2AB9ECB80095ACB5 /* ShoppingApp.swift */; };
		7FBBA03D2AB9ECB80095ACB5 /* ContentView.swift in Sources */ = {isa = PBXBuildFile; fileRef = 7FBBA03C2AB9ECB80095ACB5 /* ContentView.swift */; };
		7FBBA03F2AB9ECC00095ACB5 /* Assets.xcassets in Resources */ = {isa = PBXBuildFile; fileRef = 7FBBA03E2AB9ECC00095ACB5 /* Assets.xcassets */; };
		7FBBA0422AB9ECC00095ACB5 /* Preview Assets.xcassets in Resources */ = {isa = PBXBuildFile; fileRef = 7FBBA0412AB9ECC00095ACB5 /* Preview Assets.xcassets */; };
		7FBBA0492AB9ECE10095ACB5 /* Product.swift in Sources */ = {isa = PBXBuildFile; fileRef = 7FBBA0482AB9ECE10095ACB5 /* Product.swift */; };
		7FBBA04C2AB9ED080095ACB5 /* Buyer.swift in Sources */ = {isa = PBXBuildFile; fileRef = 7FBBA04B2AB9ED080095ACB5 /* Buyer.swift */; };
/* End PBXBuildFile section */

/* Begin PBXFileReference section */
		7F77D19E2AB9EE94004B04A7 /* ProductsViewModel.swift */ = {isa = PBXFileReference; lastKnownFileType = sourcecode.swift; path = ProductsViewModel.swift; sourceTree = "<group>"; };
		7F77D1A02AB9EFE7004B04A7 /* ProductViewModel.swift */ = {isa = PBXFileReference; lastKnownFileType = sourcecode.swift; path = ProductViewModel.swift; sourceTree = "<group>"; };
		7F77D1A22AB9F086004B04A7 /* CheckoutViewModel.swift */ = {isa = PBXFileReference; lastKnownFileType = sourcecode.swift; path = CheckoutViewModel.swift; sourceTree = "<group>"; };
		7F77D1A42AB9F239004B04A7 /* BuyerViewModel.swift */ = {isa = PBXFileReference; lastKnownFileType = sourcecode.swift; path = BuyerViewModel.swift; sourceTree = "<group>"; };
		7F77D1A72AB9F38A004B04A7 /* AllProductsView.swift */ = {isa = PBXFileReference; lastKnownFileType = sourcecode.swift; path = AllProductsView.swift; sourceTree = "<group>"; };
		7F77D1A92AB9F417004B04A7 /* ProductView.swift */ = {isa = PBXFileReference; lastKnownFileType = sourcecode.swift; path = ProductView.swift; sourceTree = "<group>"; };
		7F77D1AB2AB9F4D6004B04A7 /* CheckoutView.swift */ = {isa = PBXFileReference; lastKnownFileType = sourcecode.swift; path = CheckoutView.swift; sourceTree = "<group>"; };
		7F77D1AD2AB9F5CE004B04A7 /* BuyerSignUpView.swift */ = {isa = PBXFileReference; lastKnownFileType = sourcecode.swift; path = BuyerSignUpView.swift; sourceTree = "<group>"; };
		7F77D1AF2AB9F708004B04A7 /* BuyerSignInView.swift */ = {isa = PBXFileReference; lastKnownFileType = sourcecode.swift; path = BuyerSignInView.swift; sourceTree = "<group>"; };
		7FBBA0372AB9ECB80095ACB5 /* Shopping.app */ = {isa = PBXFileReference; explicitFileType = wrapper.application; includeInIndex = 0; path = Shopping.app; sourceTree = BUILT_PRODUCTS_DIR; };
		7FBBA03A2AB9ECB80095ACB5 /* ShoppingApp.swift */ = {isa = PBXFileReference; lastKnownFileType = sourcecode.swift; path = ShoppingApp.swift; sourceTree = "<group>"; };
		7FBBA03C2AB9ECB80095ACB5 /* ContentView.swift */ = {isa = PBXFileReference; lastKnownFileType = sourcecode.swift; path = ContentView.swift; sourceTree = "<group>"; };
		7FBBA03E2AB9ECC00095ACB5 /* Assets.xcassets */ = {isa = PBXFileReference; lastKnownFileType = folder.assetcatalog; path = Assets.xcassets; sourceTree = "<group>"; };
		7FBBA0412AB9ECC00095ACB5 /* Preview Assets.xcassets */ = {isa = PBXFileReference; lastKnownFileType = folder.assetcatalog; path = "Preview Assets.xcassets"; sourceTree = "<group>"; };
		7FBBA0482AB9ECE10095ACB5 /* Product.swift */ = {isa = PBXFileReference; lastKnownFileType = sourcecode.swift; path = Product.swift; sourceTree = "<group>"; };
		7FBBA04B2AB9ED080095ACB5 /* Buyer.swift */ = {isa = PBXFileReference; lastKnownFileType = sourcecode.swift; path = Buyer.swift; sourceTree = "<group>"; };
/* End PBXFileReference section */

/* Begin PBXFrameworksBuildPhase section */
		7FBBA0342AB9ECB80095ACB5 /* Frameworks */ = {
			isa = PBXFrameworksBuildPhase;
			buildActionMask = 2147483647;
			files = (
			);
			runOnlyForDeploymentPostprocessing = 0;
		};
/* End PBXFrameworksBuildPhase section */

/* Begin PBXGroup section */
		7F77D19D2AB9EE40004B04A7 /* ViewModels */ = {
			isa = PBXGroup;
			children = (
				7F77D19E2AB9EE94004B04A7 /* ProductsViewModel.swift */,
				7F77D1A02AB9EFE7004B04A7 /* ProductViewModel.swift */,
				7F77D1A22AB9F086004B04A7 /* CheckoutViewModel.swift */,
				7F77D1A42AB9F239004B04A7 /* BuyerViewModel.swift */,
			);
			path = ViewModels;
			sourceTree = "<group>";
		};
		7F77D1A62AB9F37A004B04A7 /* Views */ = {
			isa = PBXGroup;
			children = (
				7FBBA03C2AB9ECB80095ACB5 /* ContentView.swift */,
				7F77D1A72AB9F38A004B04A7 /* AllProductsView.swift */,
				7F77D1A92AB9F417004B04A7 /* ProductView.swift */,
				7F77D1AB2AB9F4D6004B04A7 /* CheckoutView.swift */,
				7F77D1AD2AB9F5CE004B04A7 /* BuyerSignUpView.swift */,
				7F77D1AF2AB9F708004B04A7 /* BuyerSignInView.swift */,
			);
			path = Views;
			sourceTree = "<group>";
		};
		7FBBA02E2AB9ECB80095ACB5 = {
			isa = PBXGroup;
			children = (
				7FBBA0392AB9ECB80095ACB5 /* Shopping */,
				7FBBA0382AB9ECB80095ACB5 /* Products */,
			);
			sourceTree = "<group>";
		};
		7FBBA0382AB9ECB80095ACB5 /* Products */ = {
			isa = PBXGroup;
			children = (
				7FBBA0372AB9ECB80095ACB5 /* Shopping.app */,
			);
			name = Products;
			sourceTree = "<group>";
		};
		7FBBA0392AB9ECB80095ACB5 /* Shopping */ = {
			isa = PBXGroup;
			children = (
				7F77D1A62AB9F37A004B04A7 /* Views */,
				7FBBA04A2AB9ECE50095ACB5 /* Models */,
				7F77D19D2AB9EE40004B04A7 /* ViewModels */,
				7FBBA03A2AB9ECB80095ACB5 /* ShoppingApp.swift */,
				7FBBA03E2AB9ECC00095ACB5 /* Assets.xcassets */,
				7FBBA0402AB9ECC00095ACB5 /* Preview Content */,
			);
			path = Shopping;
			sourceTree = "<group>";
		};
		7FBBA0402AB9ECC00095ACB5 /* Preview Content */ = {
			isa = PBXGroup;
			children = (
				7FBBA0412AB9ECC00095ACB5 /* Preview Assets.xcassets */,
			);
			path = "Preview Content";
			sourceTree = "<group>";
		};
		7FBBA04A2AB9ECE50095ACB5 /* Models */ = {
			isa = PBXGroup;
			children = (
				7FBBA0482AB9ECE10095ACB5 /* Product.swift */,
				7FBBA04B2AB9ED080095ACB5 /* Buyer.swift */,
			);
			path = Models;
			sourceTree = "<group>";
		};
/* End PBXGroup section */

/* Begin PBXNativeTarget section */
		7FBBA0362AB9ECB80095ACB5 /* Shopping */ = {
			isa = PBXNativeTarget;
			buildConfigurationList = 7FBBA0452AB9ECC00095ACB5 /* Build configuration list for PBXNativeTarget "Shopping" */;
			buildPhases = (
				7FBBA0332AB9ECB80095ACB5 /* Sources */,
				7FBBA0342AB9ECB80095ACB5 /* Frameworks */,
				7FBBA0352AB9ECB80095ACB5 /* Resources */,
			);
			buildRules = (
			);
			dependencies = (
			);
			name = Shopping;
			productName = Shopping;
			productReference = 7FBBA0372AB9ECB80095ACB5 /* Shopping.app */;
			productType = "com.apple.product-type.application";
		};
/* End PBXNativeTarget section */

/* Begin PBXProject section */
		7FBBA02F2AB9ECB80095ACB5 /* Project object */ = {
			isa = PBXProject;
			attributes = {
				BuildIndependentTargetsInParallel = 1;
				LastSwiftUpdateCheck = 1500;
				LastUpgradeCheck = 1500;
				TargetAttributes = {
					7FBBA0362AB9ECB80095ACB5 = {
						CreatedOnToolsVersion = 15.0;
					};
				};
			};
			buildConfigurationList = 7FBBA0322AB9ECB80095ACB5 /* Build configuration list for PBXProject "Shopping" */;
			compatibilityVersion = "Xcode 14.0";
			developmentRegion = en;
			hasScannedForEncodings = 0;
			knownRegions = (
				en,
				Base,
			);
			mainGroup = 7FBBA02E2AB9ECB80095ACB5;
			productRefGroup = 7FBBA0382AB9ECB80095ACB5 /* Products */;
			projectDirPath = "";
			projectRoot = "";
			targets = (
				7FBBA0362AB9ECB80095ACB5 /* Shopping */,
			);
		};
/* End PBXProject section */

/* Begin PBXResourcesBuildPhase section */
		7FBBA0352AB9ECB80095ACB5 /* Resources */ = {
			isa = PBXResourcesBuildPhase;
			buildActionMask = 2147483647;
			files = (
				7FBBA0422AB9ECC00095ACB5 /* Preview Assets.xcassets in Resources */,
				7FBBA03F2AB9ECC00095ACB5 /* Assets.xcassets in Resources */,
			);
			runOnlyForDeploymentPostprocessing = 0;
		};
/* End PBXResourcesBuildPhase section */

/* Begin PBXSourcesBuildPhase section */
		7FBBA0332AB9ECB80095ACB5 /* Sources */ = {
			isa = PBXSourcesBuildPhase;
			buildActionMask = 2147483647;
			files = (
				7F77D1AA2AB9F417004B04A7 /* ProductView.swift in Sources */,
				7F77D1AC2AB9F4D6004B04A7 /* CheckoutView.swift in Sources */,
				7F77D1A32AB9F086004B04A7 /* CheckoutViewModel.swift in Sources */,
				7FBBA03D2AB9ECB80095ACB5 /* ContentView.swift in Sources */,
				7F77D1B02AB9F708004B04A7 /* BuyerSignInView.swift in Sources */,
				7F77D1A52AB9F239004B04A7 /* BuyerViewModel.swift in Sources */,
				7FBBA04C2AB9ED080095ACB5 /* Buyer.swift in Sources */,
				7F77D1A12AB9EFE7004B04A7 /* ProductViewModel.swift in Sources */,
				7FBBA03B2AB9ECB80095ACB5 /* ShoppingApp.swift in Sources */,
				7F77D1AE2AB9F5CE004B04A7 /* BuyerSignUpView.swift in Sources */,
				7F77D19F2AB9EE94004B04A7 /* ProductsViewModel.swift in Sources */,
				7F77D1A82AB9F38A004B04A7 /* AllProductsView.swift in Sources */,
				7FBBA0492AB9ECE10095ACB5 /* Product.swift in Sources */,
			);
			runOnlyForDeploymentPostprocessing = 0;
		};
/* End PBXSourcesBuildPhase section */

/* Begin XCBuildConfiguration section */
		7FBBA0432AB9ECC00095ACB5 /* Debug */ = {
			isa = XCBuildConfiguration;
			buildSettings = {
				ALWAYS_SEARCH_USER_PATHS = NO;
				ASSETCATALOG_COMPILER_GENERATE_SWIFT_ASSET_SYMBOL_EXTENSIONS = YES;
				CLANG_ANALYZER_NONNULL = YES;
				CLANG_ANALYZER_NUMBER_OBJECT_CONVERSION = YES_AGGRESSIVE;
				CLANG_CXX_LANGUAGE_STANDARD = "gnu++20";
				CLANG_ENABLE_MODULES = YES;
				CLANG_ENABLE_OBJC_ARC = YES;
				CLANG_ENABLE_OBJC_WEAK = YES;
				CLANG_WARN_BLOCK_CAPTURE_AUTORELEASING = YES;
				CLANG_WARN_BOOL_CONVERSION = YES;
				CLANG_WARN_COMMA = YES;
				CLANG_WARN_CONSTANT_CONVERSION = YES;
				CLANG_WARN_DEPRECATED_OBJC_IMPLEMENTATIONS = YES;
				CLANG_WARN_DIRECT_OBJC_ISA_USAGE = YES_ERROR;
				CLANG_WARN_DOCUMENTATION_COMMENTS = YES;
				CLANG_WARN_EMPTY_BODY = YES;
				CLANG_WARN_ENUM_CONVERSION = YES;
				CLANG_WARN_INFINITE_RECURSION = YES;
				CLANG_WARN_INT_CONVERSION = YES;
				CLANG_WARN_NON_LITERAL_NULL_CONVERSION = YES;
				CLANG_WARN_OBJC_IMPLICIT_RETAIN_SELF = YES;
				CLANG_WARN_OBJC_LITERAL_CONVERSION = YES;
				CLANG_WARN_OBJC_ROOT_CLASS = YES_ERROR;
				CLANG_WARN_QUOTED_INCLUDE_IN_FRAMEWORK_HEADER = YES;
				CLANG_WARN_RANGE_LOOP_ANALYSIS = YES;
				CLANG_WARN_STRICT_PROTOTYPES = YES;
				CLANG_WARN_SUSPICIOUS_MOVE = YES;
				CLANG_WARN_UNGUARDED_AVAILABILITY = YES_AGGRESSIVE;
				CLANG_WARN_UNREACHABLE_CODE = YES;
				CLANG_WARN__DUPLICATE_METHOD_MATCH = YES;
				COPY_PHASE_STRIP = NO;
				DEBUG_INFORMATION_FORMAT = dwarf;
				ENABLE_STRICT_OBJC_MSGSEND = YES;
				ENABLE_TESTABILITY = YES;
				ENABLE_USER_SCRIPT_SANDBOXING = YES;
				GCC_C_LANGUAGE_STANDARD = gnu17;
				GCC_DYNAMIC_NO_PIC = NO;
				GCC_NO_COMMON_BLOCKS = YES;
				GCC_OPTIMIZATION_LEVEL = 0;
				GCC_PREPROCESSOR_DEFINITIONS = (
					"DEBUG=1",
					"$(inherited)",
				);
				GCC_WARN_64_TO_32_BIT_CONVERSION = YES;
				GCC_WARN_ABOUT_RETURN_TYPE = YES_ERROR;
				GCC_WARN_UNDECLARED_SELECTOR = YES;
				GCC_WARN_UNINITIALIZED_AUTOS = YES_AGGRESSIVE;
				GCC_WARN_UNUSED_FUNCTION = YES;
				GCC_WARN_UNUSED_VARIABLE = YES;
				IPHONEOS_DEPLOYMENT_TARGET = 17.0;
				LOCALIZATION_PREFERS_STRING_CATALOGS = YES;
				MTL_ENABLE_DEBUG_INFO = INCLUDE_SOURCE;
				MTL_FAST_MATH = YES;
				ONLY_ACTIVE_ARCH = YES;
				SDKROOT = iphoneos;
				SWIFT_ACTIVE_COMPILATION_CONDITIONS = "DEBUG $(inherited)";
				SWIFT_OPTIMIZATION_LEVEL = "-Onone";
			};
			name = Debug;
		};
		7FBBA0442AB9ECC00095ACB5 /* Release */ = {
			isa = XCBuildConfiguration;
			buildSettings = {
				ALWAYS_SEARCH_USER_PATHS = NO;
				ASSETCATALOG_COMPILER_GENERATE_SWIFT_ASSET_SYMBOL_EXTENSIONS = YES;
				CLANG_ANALYZER_NONNULL = YES;
				CLANG_ANALYZER_NUMBER_OBJECT_CONVERSION = YES_AGGRESSIVE;
				CLANG_CXX_LANGUAGE_STANDARD = "gnu++20";
				CLANG_ENABLE_MODULES = YES;
				CLANG_ENABLE_OBJC_ARC = YES;
				CLANG_ENABLE_OBJC_WEAK = YES;
				CLANG_WARN_BLOCK_CAPTURE_AUTORELEASING = YES;
				CLANG_WARN_BOOL_CONVERSION = YES;
				CLANG_WARN_COMMA = YES;
				CLANG_WARN_CONSTANT_CONVERSION = YES;
				CLANG_WARN_DEPRECATED_OBJC_IMPLEMENTATIONS = YES;
				CLANG_WARN_DIRECT_OBJC_ISA_USAGE = YES_ERROR;
				CLANG_WARN_DOCUMENTATION_COMMENTS = YES;
				CLANG_WARN_EMPTY_BODY = YES;
				CLANG_WARN_ENUM_CONVERSION = YES;
				CLANG_WARN_INFINITE_RECURSION = YES;
				CLANG_WARN_INT_CONVERSION = YES;
				CLANG_WARN_NON_LITERAL_NULL_CONVERSION = YES;
				CLANG_WARN_OBJC_IMPLICIT_RETAIN_SELF = YES;
				CLANG_WARN_OBJC_LITERAL_CONVERSION = YES;
				CLANG_WARN_OBJC_ROOT_CLASS = YES_ERROR;
				CLANG_WARN_QUOTED_INCLUDE_IN_FRAMEWORK_HEADER = YES;
				CLANG_WARN_RANGE_LOOP_ANALYSIS = YES;
				CLANG_WARN_STRICT_PROTOTYPES = YES;
				CLANG_WARN_SUSPICIOUS_MOVE = YES;
				CLANG_WARN_UNGUARDED_AVAILABILITY = YES_AGGRESSIVE;
				CLANG_WARN_UNREACHABLE_CODE = YES;
				CLANG_WARN__DUPLICATE_METHOD_MATCH = YES;
				COPY_PHASE_STRIP = NO;
				DEBUG_INFORMATION_FORMAT = "dwarf-with-dsym";
				ENABLE_NS_ASSERTIONS = NO;
				ENABLE_STRICT_OBJC_MSGSEND = YES;
				ENABLE_USER_SCRIPT_SANDBOXING = YES;
				GCC_C_LANGUAGE_STANDARD = gnu17;
				GCC_NO_COMMON_BLOCKS = YES;
				GCC_WARN_64_TO_32_BIT_CONVERSION = YES;
				GCC_WARN_ABOUT_RETURN_TYPE = YES_ERROR;
				GCC_WARN_UNDECLARED_SELECTOR = YES;
				GCC_WARN_UNINITIALIZED_AUTOS = YES_AGGRESSIVE;
				GCC_WARN_UNUSED_FUNCTION = YES;
				GCC_WARN_UNUSED_VARIABLE = YES;
				IPHONEOS_DEPLOYMENT_TARGET = 17.0;
				LOCALIZATION_PREFERS_STRING_CATALOGS = YES;
				MTL_ENABLE_DEBUG_INFO = NO;
				MTL_FAST_MATH = YES;
				SDKROOT = iphoneos;
				SWIFT_COMPILATION_MODE = wholemodule;
				VALIDATE_PRODUCT = YES;
			};
			name = Release;
		};
		7FBBA0462AB9ECC00095ACB5 /* Debug */ = {
			isa = XCBuildConfiguration;
			buildSettings = {
				ASSETCATALOG_COMPILER_APPICON_NAME = AppIcon;
				ASSETCATALOG_COMPILER_GLOBAL_ACCENT_COLOR_NAME = AccentColor;
				CODE_SIGN_STYLE = Automatic;
				CURRENT_PROJECT_VERSION = 1;
				DEVELOPMENT_ASSET_PATHS = "\"Shopping/Preview Content\"";
				DEVELOPMENT_TEAM = 2BWS35SAJK;
				ENABLE_PREVIEWS = YES;
				GENERATE_INFOPLIST_FILE = YES;
				INFOPLIST_KEY_UIApplicationSceneManifest_Generation = YES;
				INFOPLIST_KEY_UIApplicationSupportsIndirectInputEvents = YES;
				INFOPLIST_KEY_UILaunchScreen_Generation = YES;
				INFOPLIST_KEY_UISupportedInterfaceOrientations_iPad = "UIInterfaceOrientationPortrait UIInterfaceOrientationPortraitUpsideDown UIInterfaceOrientationLandscapeLeft UIInterfaceOrientationLandscapeRight";
				INFOPLIST_KEY_UISupportedInterfaceOrientations_iPhone = "UIInterfaceOrientationPortrait UIInterfaceOrientationLandscapeLeft UIInterfaceOrientationLandscapeRight";
				LD_RUNPATH_SEARCH_PATHS = (
					"$(inherited)",
					"@executable_path/Frameworks",
				);
				MARKETING_VERSION = 1.0;
				PRODUCT_BUNDLE_IDENTIFIER = Devproo.Shopping;
				PRODUCT_NAME = "$(TARGET_NAME)";
				SWIFT_EMIT_LOC_STRINGS = YES;
				SWIFT_VERSION = 5.0;
				TARGETED_DEVICE_FAMILY = "1,2";
			};
			name = Debug;
		};
		7FBBA0472AB9ECC00095ACB5 /* Release */ = {
			isa = XCBuildConfiguration;
			buildSettings = {
				ASSETCATALOG_COMPILER_APPICON_NAME = AppIcon;
				ASSETCATALOG_COMPILER_GLOBAL_ACCENT_COLOR_NAME = AccentColor;
				CODE_SIGN_STYLE = Automatic;
				CURRENT_PROJECT_VERSION = 1;
				DEVELOPMENT_ASSET_PATHS = "\"Shopping/Preview Content\"";
				DEVELOPMENT_TEAM = 2BWS35SAJK;
				ENABLE_PREVIEWS = YES;
				GENERATE_INFOPLIST_FILE = YES;
				INFOPLIST_KEY_UIApplicationSceneManifest_Generation = YES;
				INFOPLIST_KEY_UIApplicationSupportsIndirectInputEvents = YES;
				INFOPLIST_KEY_UILaunchScreen_Generation = YES;
				INFOPLIST_KEY_UISupportedInterfaceOrientations_iPad = "UIInterfaceOrientationPortrait UIInterfaceOrientationPortraitUpsideDown UIInterfaceOrientationLandscapeLeft UIInterfaceOrientationLandscapeRight";
				INFOPLIST_KEY_UISupportedInterfaceOrientations_iPhone = "UIInterfaceOrientationPortrait UIInterfaceOrientationLandscapeLeft UIInterfaceOrientationLandscapeRight";
				LD_RUNPATH_SEARCH_PATHS = (
					"$(inherited)",
					"@executable_path/Frameworks",
				);
				MARKETING_VERSION = 1.0;
				PRODUCT_BUNDLE_IDENTIFIER = Devproo.Shopping;
				PRODUCT_NAME = "$(TARGET_NAME)";
				SWIFT_EMIT_LOC_STRINGS = YES;
				SWIFT_VERSION = 5.0;
				TARGETED_DEVICE_FAMILY = "1,2";
			};
			name = Release;
		};
/* End XCBuildConfiguration section */

/* Begin XCConfigurationList section */
		7FBBA0322AB9ECB80095ACB5 /* Build configuration list for PBXProject "Shopping" */ = {
			isa = XCConfigurationList;
			buildConfigurations = (
				7FBBA0432AB9ECC00095ACB5 /* Debug */,
				7FBBA0442AB9ECC00095ACB5 /* Release */,
			);
			defaultConfigurationIsVisible = 0;
			defaultConfigurationName = Release;
		};
		7FBBA0452AB9ECC00095ACB5 /* Build configuration list for PBXNativeTarget "Shopping" */ = {
			isa = XCConfigurationList;
			buildConfigurations = (
				7FBBA0462AB9ECC00095ACB5 /* Debug */,
				7FBBA0472AB9ECC00095ACB5 /* Release */,
			);
			defaultConfigurationIsVisible = 0;
			defaultConfigurationName = Release;
		};
/* End XCConfigurationList section */
	};
	rootObject = 7FBBA02F2AB9ECB80095ACB5 /* Project object */;
}
